
Microsoft Visual Studio Solution File, Format Version 12.00
# 
Project("{FAE04EC0-301F-11D3-BF4B-00C04F79EFBC}") = "BoardGames", "BoardGames\BoardGames.csproj", "{36E3007D-2353-47B2-A8D6-E2B1712B6761}"
EndProject
Project("{FAE04EC0-301F-11D3-BF4B-00C04F79EFBC}") = "BoardGames.Tests", "BoardGames.Tests\BoardGames.Tests.csproj", "{AF6019D5-C66A-4B53-A2E6-8F194882CB6D}"
EndProject
Global
	GlobalSection(SolutionConfigurationPlatforms) = preSolution
		Debug|Any CPU = Debug|Any CPU
		Release|Any CPU = Release|Any CPU
	EndGlobalSection
	GlobalSection(ProjectConfigurationPlatforms) = postSolution
		{36E3007D-2353-47B2-A8D6-E2B1712B6761}.Debug|Any CPU.ActiveCfg = Debug|Any CPU
		{36E3007D-2353-47B2-A8D6-E2B1712B6761}.Debug|Any CPU.Build.0 = Debug|Any CPU
		{36E3007D-2353-47B2-A8D6-E2B1712B6761}.Release|Any CPU.ActiveCfg = Release|Any CPU
		{36E3007D-2353-47B2-A8D6-E2B1712B6761}.Release|Any CPU.Build.0 = Release|Any CPU
		{AF6019D5-C66A-4B53-A2E6-8F194882CB6D}.Debug|Any CPU.ActiveCfg = Debug|Any CPU
		{AF6019D5-C66A-4B53-A2E6-8F194882CB6D}.Debug|Any CPU.Build.0 = Debug|Any CPU
		{AF6019D5-C66A-4B53-A2E6-8F194882CB6D}.Release|Any CPU.ActiveCfg = Release|Any CPU
		{AF6019D5-C66A-4B53-A2E6-8F194882CB6D}.Release|Any CPU.Build.0 = Release|Any CPU
	EndGlobalSection
EndGlobal
